
Microsoft Visual Studio Solution File, Format Version 12.00
# Visual Studio Version 17
VisualStudioVersion = 17.8.34322.80
MinimumVisualStudioVersion = 10.0.40219.1
Project("{FAE04EC0-301F-11D3-BF4B-00C04F79EFBC}") = "backend", "backend.csproj", "{EB726011-43DD-4F9D-BA03-EF91B2ABEEB8}"
EndProject
Global
	GlobalSection(SolutionConfigurationPlatforms) = preSolution
		Debug|Any CPU = Debug|Any CPU
		Release|Any CPU = Release|Any CPU
	EndGlobalSection
	GlobalSection(ProjectConfigurationPlatforms) = postSolution
		{EB726011-43DD-4F9D-BA03-EF91B2ABEEB8}.Debug|Any CPU.ActiveCfg = Debug|Any CPU
		{EB726011-43DD-4F9D-BA03-EF91B2ABEEB8}.Debug|Any CPU.Build.0 = Debug|Any CPU
		{EB726011-43DD-4F9D-BA03-EF91B2ABEEB8}.Release|Any CPU.ActiveCfg = Release|Any CPU
		{EB726011-43DD-4F9D-BA03-EF91B2ABEEB8}.Release|Any CPU.Build.0 = Release|Any CPU
	EndGlobalSection
	GlobalSection(SolutionProperties) = preSolution
		HideSolutionNode = FALSE
	EndGlobalSection
	GlobalSection(ExtensibilityGlobals) = postSolution
		SolutionGuid = {D40967D0-E8BF-47B1-BEF9-99F77AD3B1C5}
	EndGlobalSection
EndGlobal
